
Microsoft Visual Studio Solution File, Format Version 12.00
# Visual Studio 15
Project("{FAE04EC0-301F-11D3-BF4B-00C04F79EFBC}") = "LunarConsole", "LunarConsole.csproj", "{95A2823D-832F-AC9D-0B62-4398D11CCD9F}"
EndProject
Project("{FAE04EC0-301F-11D3-BF4B-00C04F79EFBC}") = "Assembly-CSharp", "Assembly-CSharp.csproj", "{29052940-E20E-E3B6-C5DF-FF235BD3FCAF}"
EndProject
Project("{FAE04EC0-301F-11D3-BF4B-00C04F79EFBC}") = "Assembly-CSharp-Editor", "Assembly-CSharp-Editor.csproj", "{7419C14F-1C3D-F647-8060-ADD5E96785A1}"
EndProject
Project("{FAE04EC0-301F-11D3-BF4B-00C04F79EFBC}") = "LunarConsoleEditor", "LunarConsoleEditor.csproj", "{BAC23075-8CDC-162F-B6A7-C6FC1FE37054}"
EndProject
Global
	GlobalSection(SolutionConfigurationPlatforms) = preSolution
		Debug|Any CPU = Debug|Any CPU
		Release|Any CPU = Release|Any CPU
	EndGlobalSection
	GlobalSection(ProjectConfigurationPlatforms) = postSolution
		{95A2823D-832F-AC9D-0B62-4398D11CCD9F}.Debug|Any CPU.ActiveCfg = Debug|Any CPU
		{95A2823D-832F-AC9D-0B62-4398D11CCD9F}.Debug|Any CPU.Build.0 = Debug|Any CPU
		{95A2823D-832F-AC9D-0B62-4398D11CCD9F}.Release|Any CPU.ActiveCfg = Release|Any CPU
		{95A2823D-832F-AC9D-0B62-4398D11CCD9F}.Release|Any CPU.Build.0 = Release|Any CPU
		{29052940-E20E-E3B6-C5DF-FF235BD3FCAF}.Debug|Any CPU.ActiveCfg = Debug|Any CPU
		{29052940-E20E-E3B6-C5DF-FF235BD3FCAF}.Debug|Any CPU.Build.0 = Debug|Any CPU
		{29052940-E20E-E3B6-C5DF-FF235BD3FCAF}.Release|Any CPU.ActiveCfg = Release|Any CPU
		{29052940-E20E-E3B6-C5DF-FF235BD3FCAF}.Release|Any CPU.Build.0 = Release|Any CPU
		{7419C14F-1C3D-F647-8060-ADD5E96785A1}.Debug|Any CPU.ActiveCfg = Debug|Any CPU
		{7419C14F-1C3D-F647-8060-ADD5E96785A1}.Debug|Any CPU.Build.0 = Debug|Any CPU
		{7419C14F-1C3D-F647-8060-ADD5E96785A1}.Release|Any CPU.ActiveCfg = Release|Any CPU
		{7419C14F-1C3D-F647-8060-ADD5E96785A1}.Release|Any CPU.Build.0 = Release|Any CPU
		{BAC23075-8CDC-162F-B6A7-C6FC1FE37054}.Debug|Any CPU.ActiveCfg = Debug|Any CPU
		{BAC23075-8CDC-162F-B6A7-C6FC1FE37054}.Debug|Any CPU.Build.0 = Debug|Any CPU
		{BAC23075-8CDC-162F-B6A7-C6FC1FE37054}.Release|Any CPU.ActiveCfg = Release|Any CPU
		{BAC23075-8CDC-162F-B6A7-C6FC1FE37054}.Release|Any CPU.Build.0 = Release|Any CPU
	EndGlobalSection
	GlobalSection(SolutionProperties) = preSolution
		HideSolutionNode = FALSE
	EndGlobalSection
EndGlobal
